{
  "object": {
    "pins": [
      {
        "package": "console-kit",
        "repositoryURL": "https://github.com/vapor/console-kit.git",
        "state": {
          "branch": null,
          "revision": "cfe8bcd58f74ffecb4f536d8237de146b634ecd3",
          "version": "4.2.6"
        }
      },
      {
        "package": "Down",
        "repositoryURL": "https://github.com/iwasrobbed/Down.git",
        "state": {
          "branch": null,
          "revision": "f34b166be1f1db4aa8f573067e901d72f2a6be57",
          "version": "0.11.0"
        }
      },
      {
        "package": "leaf-kit",
        "repositoryURL": "https://github.com/vapor/leaf-kit.git",
        "state": {
          "branch": null,
          "revision": "e8d4f8894bf36889fda9c5b2a9d42bc5021b30c8",
          "version": "1.2.0"
        }
      },
      {
        "package": "MPath",
        "repositoryURL": "https://github.com/danramteke/MPath.git",
        "state": {
          "branch": null,
          "revision": "14daed14512131e15daf3ba312cca8aeeaab49e3",
          "version": "0.9.6"
        }
      },
      {
        "package": "swift-log",
        "repositoryURL": "https://github.com/apple/swift-log.git",
        "state": {
          "branch": null,
          "revision": "5d66f7ba25daf4f94100e7022febf3c75e37a6c7",
          "version": "1.4.2"
        }
      },
      {
        "package": "swift-nio",
        "repositoryURL": "https://github.com/apple/swift-nio.git",
        "state": {
          "branch": null,
          "revision": "d161bf658780b209c185994528e7e24376cf7283",
          "version": "2.29.0"
        }
      },
      {
        "package": "Yams",
        "repositoryURL": "https://github.com/jpsim/Yams.git",
        "state": {
          "branch": null,
          "revision": "c947a306d2e80ecb2c0859047b35c73b8e1ca27f",
          "version": "2.0.0"
        }
      }
    ]
  },
  "version": 1
}
